<?xml version="1.0" encoding="utf-8"?>
<Project ToolsVersion="4.0" xmlns="http://schemas.microsoft.com/developer/msbuild/2003">
  <ItemGroup>
    <Filter Include="source">
      <UniqueIdentifier>{e9a6dca3-090a-454b-b579-b30b34ff5c2d}</UniqueIdentifier>
    </Filter>
    <Filter Include="source\Math">
      <UniqueIdentifier>{9a7cffb2-e04a-4bdb-8011-cc43d7bb304a}</UniqueIdentifier>
    </Filter>
    <Filter Include="source\Math\Class">
      <UniqueIdentifier>{1c6912e3-1bb4-4cca-be1d-6d0a8c27bacb}</UniqueIdentifier>
    </Filter>
    <Filter Include="source\Math\Class\Vector">
      <UniqueIdentifier>{d4730515-426e-4a22-93ab-728a82dad442}</UniqueIdentifier>
    </Filter>
    <Filter Include="source\Math\Class\Matrix">
      <UniqueIdentifier>{29184f83-a90e-4f64-8ec6-ce92b5fd4008}</UniqueIdentifier>
    </Filter>
    <Filter Include="source\Math\Class\Quaternion">
      <UniqueIdentifier>{38492400-d58e-42c2-a105-c90ef6ffe176}</UniqueIdentifier>
    </Filter>
    <Filter Include="source\Sound">
      <UniqueIdentifier>{6326b486-665f-4c2d-a94c-0d1ce30d87e7}</UniqueIdentifier>
    </Filter>
    <Filter Include="source\Sound\don%27tUse">
      <UniqueIdentifier>{bcfac68f-4187-48cd-89e2-1e4429f177c8}</UniqueIdentifier>
    </Filter>
    <Filter Include="source\Utility">
      <UniqueIdentifier>{e1b3c7b7-07ec-4e1e-854c-178ee81ba23a}</UniqueIdentifier>
    </Filter>
    <Filter Include="source\Utility\Assets">
      <UniqueIdentifier>{ba3126e7-bac7-484a-83c7-34e857039ace}</UniqueIdentifier>
    </Filter>
  </ItemGroup>
  <ItemGroup>
    <ClCompile Include="CppSource\main.cpp">
      <Filter>source</Filter>
    </ClCompile>
    <ClCompile Include="CppSource\math\Class\Matrix\Matrix.cpp">
      <Filter>source\Math\Class\Matrix</Filter>
    </ClCompile>
    <ClCompile Include="CppSource\math\Class\Quaternion\Quaternion.cpp">
      <Filter>source\Math\Class\Quaternion</Filter>
    </ClCompile>
    <ClCompile Include="CppSource\math\Class\Vector\Vector2.cpp">
      <Filter>source\Math\Class\Vector</Filter>
    </ClCompile>
    <ClCompile Include="CppSource\math\Class\Vector\Vector3.cpp">
      <Filter>source\Math\Class\Vector</Filter>
    </ClCompile>
    <ClCompile Include="CppSource\math\Class\Vector\Vector4.cpp">
      <Filter>source\Math\Class\Vector</Filter>
    </ClCompile>
    <ClCompile Include="CppSource\utility\utility.cpp">
      <Filter>source\Utility</Filter>
    </ClCompile>
    <ClCompile Include="CppSource\sound\WaveLoader.cpp">
      <Filter>source\Sound\don%27tUse</Filter>
    </ClCompile>
    <ClCompile Include="CppSource\sound\mlSound.cpp">
      <Filter>source\Sound\don%27tUse</Filter>
    </ClCompile>
    <ClCompile Include="CppSource\sound\OpenSLES.cpp">
      <Filter>source\Sound\don%27tUse</Filter>
    </ClCompile>
    <ClCompile Include="CppSource\utility\assetsLoader.cpp">
      <Filter>source\Utility\Assets</Filter>
    </ClCompile>
  </ItemGroup>
  <ItemGroup>
    <ClInclude Include="CppSource\math\kmathf.h">
      <Filter>source\Math</Filter>
    </ClInclude>
    <ClInclude Include="CppSource\math\Class\Matrix\Matrix.h">
      <Filter>source\Math\Class\Matrix</Filter>
    </ClInclude>
    <ClInclude Include="CppSource\math\Class\Quaternion\Quaternion.h">
      <Filter>source\Math\Class\Quaternion</Filter>
    </ClInclude>
    <ClInclude Include="CppSource\math\Class\Vector\Vector.h">
      <Filter>source\Math\Class\Vector</Filter>
    </ClInclude>
    <ClInclude Include="CppSource\defines.h">
      <Filter>source</Filter>
    </ClInclude>
    <ClInclude Include="CppSource\types.h">
      <Filter>source</Filter>
    </ClInclude>
    <ClInclude Include="CppSource\sound\mlSound.h">
      <Filter>source\Sound</Filter>
    </ClInclude>
    <ClInclude Include="CppSource\utility\utility.h">
      <Filter>source\Utility</Filter>
    </ClInclude>
    <ClInclude Include="CppSource\sound\WaveLoader.h">
      <Filter>source\Sound\don%27tUse</Filter>
    </ClInclude>
    <ClInclude Include="CppSource\sound\OpenSLES.h">
      <Filter>source\Sound\don%27tUse</Filter>
    </ClInclude>
    <ClInclude Include="CppSource\utility\assetsLoader.h">
      <Filter>source\Utility\Assets</Filter>
    </ClInclude>
  </ItemGroup>
</Project>