<?xml version="1.0" encoding="utf-8"?>
<Project ToolsVersion="4.0" xmlns="http://schemas.microsoft.com/developer/msbuild/2003">
  <ItemGroup>
    <Filter Include="source">
      <UniqueIdentifier>{e9a6dca3-090a-454b-b579-b30b34ff5c2d}</UniqueIdentifier>
    </Filter>
    <Filter Include="source\Math">
      <UniqueIdentifier>{9a7cffb2-e04a-4bdb-8011-cc43d7bb304a}</UniqueIdentifier>
    </Filter>
    <Filter Include="source\Math\Class">
      <UniqueIdentifier>{1c6912e3-1bb4-4cca-be1d-6d0a8c27bacb}</UniqueIdentifier>
    </Filter>
    <Filter Include="source\Math\Class\Vector">
      <UniqueIdentifier>{d4730515-426e-4a22-93ab-728a82dad442}</UniqueIdentifier>
    </Filter>
    <Filter Include="source\Math\Class\Matrix">
      <UniqueIdentifier>{29184f83-a90e-4f64-8ec6-ce92b5fd4008}</UniqueIdentifier>
    </Filter>
    <Filter Include="source\Math\Class\Quaternion">
      <UniqueIdentifier>{38492400-d58e-42c2-a105-c90ef6ffe176}</UniqueIdentifier>
    </Filter>
    <Filter Include="source\RenderLib">
      <UniqueIdentifier>{4b84f73f-8cd9-4443-87a1-9bcf041421d8}</UniqueIdentifier>
    </Filter>
    <Filter Include="source\RenderLib\Shader">
      <UniqueIdentifier>{c7a85384-ade5-424b-9932-b1f45cb20323}</UniqueIdentifier>
    </Filter>
    <Filter Include="source\RenderLib\cpp">
      <UniqueIdentifier>{b8c1b43e-a1b0-4a97-a8a6-aa69bcdda4b9}</UniqueIdentifier>
    </Filter>
    <Filter Include="source\ShaderLib">
      <UniqueIdentifier>{0e29c7bd-3e0e-426e-b726-3a9a71744331}</UniqueIdentifier>
    </Filter>
    <Filter Include="source\ShaderLib\DATA">
      <UniqueIdentifier>{9e750979-08b8-4b9b-90b2-edb88f0b68ca}</UniqueIdentifier>
    </Filter>
    <Filter Include="source\StandardLib">
      <UniqueIdentifier>{f5e6182c-e589-40f9-a4a5-10cbce5f8c47}</UniqueIdentifier>
    </Filter>
    <Filter Include="source\ShaderLib\cpp">
      <UniqueIdentifier>{4a603dd1-350d-46f5-b133-f7f224f28155}</UniqueIdentifier>
    </Filter>
    <Filter Include="source\RenderLib\Object3D">
      <UniqueIdentifier>{f8e02f7c-20de-44c4-bf41-01f426fdd960}</UniqueIdentifier>
    </Filter>
    <Filter Include="source\Sound">
      <UniqueIdentifier>{d2aa6871-6651-4e3a-9720-c23e1e21fcf8}</UniqueIdentifier>
    </Filter>
    <Filter Include="source\utility">
      <UniqueIdentifier>{5afcf281-7bfc-4dfe-9390-59b7d9eea5c9}</UniqueIdentifier>
    </Filter>
    <Filter Include="source\Sound\notUse">
      <UniqueIdentifier>{36801e36-9479-4b44-9846-05f7c065e7a0}</UniqueIdentifier>
    </Filter>
    <Filter Include="source\Input">
      <UniqueIdentifier>{0eca3799-2cb3-4dce-85b5-8f7f92035920}</UniqueIdentifier>
    </Filter>
    <Filter Include="source\Input\notUse">
      <UniqueIdentifier>{2f9eb760-7b3e-439d-95ce-ab703df0f30f}</UniqueIdentifier>
    </Filter>
    <Filter Include="source\Thread">
      <UniqueIdentifier>{a928b7e0-ef9d-4ef2-b430-501d1fd6ed99}</UniqueIdentifier>
    </Filter>
    <Filter Include="source\Thread\Class">
      <UniqueIdentifier>{fd361aa0-fc2c-42d0-a3d1-60d15226486e}</UniqueIdentifier>
    </Filter>
    <Filter Include="source\Thread\Class\kEvent">
      <UniqueIdentifier>{af38c085-0b06-4014-b682-53dae1a50d02}</UniqueIdentifier>
    </Filter>
    <Filter Include="source\Thread\Class\kMutex">
      <UniqueIdentifier>{a78a9cb9-b573-4bde-879b-e4b921946f11}</UniqueIdentifier>
    </Filter>
    <Filter Include="source\Thread\Class\kThread">
      <UniqueIdentifier>{05949c53-b40e-48d6-9ae4-877a1764877f}</UniqueIdentifier>
    </Filter>
    <Filter Include="source\Thread\Class\kThreadPool">
      <UniqueIdentifier>{af089f41-5308-4e63-a5db-7ea37609ffa1}</UniqueIdentifier>
    </Filter>
    <Filter Include="source\templateLib">
      <UniqueIdentifier>{64cedbf7-318f-409b-8b97-39acfe36e002}</UniqueIdentifier>
    </Filter>
  </ItemGroup>
  <ItemGroup>
    <ClCompile Include="CppSource\main.cpp">
      <Filter>source</Filter>
    </ClCompile>
    <ClCompile Include="CppSource\math\Class\Matrix\Matrix.cpp">
      <Filter>source\Math\Class\Matrix</Filter>
    </ClCompile>
    <ClCompile Include="CppSource\math\Class\Quaternion\Quaternion.cpp">
      <Filter>source\Math\Class\Quaternion</Filter>
    </ClCompile>
    <ClCompile Include="CppSource\math\Class\Vector\Vector2.cpp">
      <Filter>source\Math\Class\Vector</Filter>
    </ClCompile>
    <ClCompile Include="CppSource\math\Class\Vector\Vector3.cpp">
      <Filter>source\Math\Class\Vector</Filter>
    </ClCompile>
    <ClCompile Include="CppSource\math\Class\Vector\Vector4.cpp">
      <Filter>source\Math\Class\Vector</Filter>
    </ClCompile>
    <ClCompile Include="CppSource\RenderLib\cpp\RenderLib.cpp">
      <Filter>source\RenderLib\cpp</Filter>
    </ClCompile>
    <ClCompile Include="CppSource\RenderLib\cpp\Shader.cpp">
      <Filter>source\RenderLib\cpp</Filter>
    </ClCompile>
    <ClCompile Include="CppSource\ShaderLib\ShaderManager.cpp">
      <Filter>source\ShaderLib\cpp</Filter>
    </ClCompile>
    <ClCompile Include="CppSource\RenderLib\Object3D\Object3D.cpp">
      <Filter>source\RenderLib\cpp</Filter>
    </ClCompile>
    <ClCompile Include="CppSource\RenderLib\cpp\Mesh.cpp">
      <Filter>source\RenderLib\cpp</Filter>
    </ClCompile>
    <ClCompile Include="CppSource\utility\assetsLoader.cpp">
      <Filter>source\utility</Filter>
    </ClCompile>
    <ClCompile Include="CppSource\utility\utility.cpp">
      <Filter>source\utility</Filter>
    </ClCompile>
    <ClCompile Include="CppSource\sound\notUse\mlsound.cpp">
      <Filter>source\Sound\notUse</Filter>
    </ClCompile>
    <ClCompile Include="CppSource\sound\notUse\OpenSLES.cpp">
      <Filter>source\Sound\notUse</Filter>
    </ClCompile>
    <ClCompile Include="CppSource\sound\notUse\waveLoader.cpp">
      <Filter>source\Sound\notUse</Filter>
    </ClCompile>
    <ClCompile Include="CppSource\input\notUse\Input.cpp">
      <Filter>source\Input\notUse</Filter>
    </ClCompile>
    <ClCompile Include="CppSource\utility\textLoader.cpp">
      <Filter>source\utility</Filter>
    </ClCompile>
    <ClCompile Include="CppSource\utility\debugMessageMng.cpp">
      <Filter>source\utility</Filter>
    </ClCompile>
    <ClCompile Include="CppSource\Thread\Class\kEvent\kEventUNIX.cpp">
      <Filter>source\Thread\Class\kEvent</Filter>
    </ClCompile>
    <ClCompile Include="CppSource\Thread\Class\kEvent\kEventWIN32.cpp">
      <Filter>source\Thread\Class\kEvent</Filter>
    </ClCompile>
    <ClCompile Include="CppSource\Thread\Class\kMutex\kMutexUNIX.cpp">
      <Filter>source\Thread\Class\kMutex</Filter>
    </ClCompile>
    <ClCompile Include="CppSource\Thread\Class\kMutex\kMutexWIN32.cpp">
      <Filter>source\Thread\Class\kMutex</Filter>
    </ClCompile>
    <ClCompile Include="CppSource\Thread\Class\kThreadPool\kThreadPool.cpp">
      <Filter>source\Thread\Class\kThreadPool</Filter>
    </ClCompile>
    <ClCompile Include="CppSource\Thread\Class\kThreadPool\kThreadWorkerUNIX.cpp">
      <Filter>source\Thread\Class\kThreadPool</Filter>
    </ClCompile>
    <ClCompile Include="CppSource\Thread\Class\kThreadPool\kThreadWorkerWIN32.cpp">
      <Filter>source\Thread\Class\kThreadPool</Filter>
    </ClCompile>
  </ItemGroup>
  <ItemGroup>
    <ClInclude Include="CppSource\math\kmathf.h">
      <Filter>source\Math</Filter>
    </ClInclude>
    <ClInclude Include="CppSource\math\Class\Matrix\Matrix.h">
      <Filter>source\Math\Class\Matrix</Filter>
    </ClInclude>
    <ClInclude Include="CppSource\math\Class\Quaternion\Quaternion.h">
      <Filter>source\Math\Class\Quaternion</Filter>
    </ClInclude>
    <ClInclude Include="CppSource\math\Class\Vector\Vector.h">
      <Filter>source\Math\Class\Vector</Filter>
    </ClInclude>
    <ClInclude Include="CppSource\defines.h">
      <Filter>source</Filter>
    </ClInclude>
    <ClInclude Include="CppSource\types.h">
      <Filter>source</Filter>
    </ClInclude>
    <ClInclude Include="CppSource\RenderLib\RenderState.h">
      <Filter>source\RenderLib</Filter>
    </ClInclude>
    <ClInclude Include="CppSource\RenderLib\Shader\Shader.h">
      <Filter>source\RenderLib\Shader</Filter>
    </ClInclude>
    <ClInclude Include="CppSource\StandardLib\SmartPointer.h">
      <Filter>source\StandardLib</Filter>
    </ClInclude>
    <ClInclude Include="CppSource\ShaderLib\ShaderManager.h">
      <Filter>source\ShaderLib</Filter>
    </ClInclude>
    <ClInclude Include="CppSource\StandardLib\Singleton.h">
      <Filter>source\StandardLib</Filter>
    </ClInclude>
    <ClInclude Include="CppSource\RenderLib\Object3D\Object3D.h">
      <Filter>source\RenderLib\Object3D</Filter>
    </ClInclude>
    <ClInclude Include="CppSource\RenderLib\Object3D\Mesh.h">
      <Filter>source\RenderLib\Object3D</Filter>
    </ClInclude>
    <ClInclude Include="CppSource\sound\mlsound.h">
      <Filter>source\Sound</Filter>
    </ClInclude>
    <ClInclude Include="CppSource\sound\waveLoader.h">
      <Filter>source\Sound</Filter>
    </ClInclude>
    <ClInclude Include="CppSource\utility\assetsLoader.h">
      <Filter>source\utility</Filter>
    </ClInclude>
    <ClInclude Include="CppSource\utility\utility.h">
      <Filter>source\utility</Filter>
    </ClInclude>
    <ClInclude Include="CppSource\sound\notUse\OpenSLES.h">
      <Filter>source\Sound\notUse</Filter>
    </ClInclude>
    <ClInclude Include="CppSource\input\Input.h">
      <Filter>source\Input</Filter>
    </ClInclude>
    <ClInclude Include="CppSource\utility\textLoader.h">
      <Filter>source\utility</Filter>
    </ClInclude>
    <ClInclude Include="CppSource\utility\debugMessageMng.h">
      <Filter>source\utility</Filter>
    </ClInclude>
    <ClInclude Include="CppSource\Thread\Class\kEvent\kEvent.h">
      <Filter>source\Thread\Class\kEvent</Filter>
    </ClInclude>
    <ClInclude Include="CppSource\Thread\Class\kMutex\kMutex.h">
      <Filter>source\Thread\Class\kMutex</Filter>
    </ClInclude>
    <ClInclude Include="CppSource\Thread\Class\kThread\kThread.h">
      <Filter>source\Thread\Class\kThread</Filter>
    </ClInclude>
    <ClInclude Include="CppSource\Thread\Class\kThreadPool\kThreadPool.h">
      <Filter>source\Thread\Class\kThreadPool</Filter>
    </ClInclude>
    <ClInclude Include="CppSource\templateLib\kFuncHolder.h">
      <Filter>source\templateLib</Filter>
    </ClInclude>
    <ClInclude Include="CppSource\templateLib\kFuncHolderDecl.h">
      <Filter>source\templateLib</Filter>
    </ClInclude>
    <ClInclude Include="CppSource\templateLib\kQueue.h">
      <Filter>source\templateLib</Filter>
    </ClInclude>
    <ClInclude Include="CppSource\templateLib\pImpl.h">
      <Filter>source\templateLib</Filter>
    </ClInclude>
    <ClInclude Include="CppSource\templateLib\smartptr.h">
      <Filter>source\templateLib</Filter>
    </ClInclude>
  </ItemGroup>
  <ItemGroup>
    <None Include="CppSource\ShaderLib\DATA\Simple.fs">
      <Filter>source\ShaderLib\DATA</Filter>
    </None>
    <None Include="CppSource\ShaderLib\DATA\Simple.vs">
      <Filter>source\ShaderLib\DATA</Filter>
    </None>
  </ItemGroup>
</Project>