
Microsoft Visual Studio Solution File, Format Version 12.00
# Visual Studio 2012
Project("{8BC9CEB8-8B4A-11D0-8D11-00A0C91BC942}") = "oxygenfire", "oxygenfire.vcxproj", "{7A99D29C-A422-4C77-8D46-1D3EC70730A9}"
EndProject
Global
	GlobalSection(SolutionConfigurationPlatforms) = preSolution
		Debug|Android = Debug|Android
		Release|Android = Release|Android
	EndGlobalSection
	GlobalSection(ProjectConfigurationPlatforms) = postSolution
		{7A99D29C-A422-4C77-8D46-1D3EC70730A9}.Debug|Android.ActiveCfg = Debug|Android
		{7A99D29C-A422-4C77-8D46-1D3EC70730A9}.Debug|Android.Build.0 = Debug|Android
		{7A99D29C-A422-4C77-8D46-1D3EC70730A9}.Debug|Android.Deploy.0 = Debug|Android
		{7A99D29C-A422-4C77-8D46-1D3EC70730A9}.Release|Android.ActiveCfg = Release|Android
		{7A99D29C-A422-4C77-8D46-1D3EC70730A9}.Release|Android.Build.0 = Release|Android
		{7A99D29C-A422-4C77-8D46-1D3EC70730A9}.Release|Android.Deploy.0 = Release|Android
	EndGlobalSection
	GlobalSection(SolutionProperties) = preSolution
		HideSolutionNode = FALSE
	EndGlobalSection
EndGlobal
