<?xml version="1.0" encoding="utf-8"?>
<Project ToolsVersion="4.0" xmlns="http://schemas.microsoft.com/developer/msbuild/2003">
  <ItemGroup>
    <Filter Include="source">
      <UniqueIdentifier>{e9a6dca3-090a-454b-b579-b30b34ff5c2d}</UniqueIdentifier>
    </Filter>
    <Filter Include="source\Math">
      <UniqueIdentifier>{9a7cffb2-e04a-4bdb-8011-cc43d7bb304a}</UniqueIdentifier>
    </Filter>
    <Filter Include="source\Math\Class">
      <UniqueIdentifier>{1c6912e3-1bb4-4cca-be1d-6d0a8c27bacb}</UniqueIdentifier>
    </Filter>
    <Filter Include="source\Math\Class\Vector">
      <UniqueIdentifier>{d4730515-426e-4a22-93ab-728a82dad442}</UniqueIdentifier>
    </Filter>
    <Filter Include="source\Math\Class\Matrix">
      <UniqueIdentifier>{29184f83-a90e-4f64-8ec6-ce92b5fd4008}</UniqueIdentifier>
    </Filter>
    <Filter Include="source\Math\Class\Quaternion">
      <UniqueIdentifier>{38492400-d58e-42c2-a105-c90ef6ffe176}</UniqueIdentifier>
    </Filter>
    <Filter Include="source\StandardLib">
      <UniqueIdentifier>{f5e6182c-e589-40f9-a4a5-10cbce5f8c47}</UniqueIdentifier>
    </Filter>
    <Filter Include="source\Sound">
      <UniqueIdentifier>{d2aa6871-6651-4e3a-9720-c23e1e21fcf8}</UniqueIdentifier>
    </Filter>
    <Filter Include="source\utility">
      <UniqueIdentifier>{5afcf281-7bfc-4dfe-9390-59b7d9eea5c9}</UniqueIdentifier>
    </Filter>
    <Filter Include="source\Sound\notUse">
      <UniqueIdentifier>{36801e36-9479-4b44-9846-05f7c065e7a0}</UniqueIdentifier>
    </Filter>
    <Filter Include="source\Input">
      <UniqueIdentifier>{0eca3799-2cb3-4dce-85b5-8f7f92035920}</UniqueIdentifier>
    </Filter>
    <Filter Include="source\Input\notUse">
      <UniqueIdentifier>{2f9eb760-7b3e-439d-95ce-ab703df0f30f}</UniqueIdentifier>
    </Filter>
    <Filter Include="source\Thread">
      <UniqueIdentifier>{a928b7e0-ef9d-4ef2-b430-501d1fd6ed99}</UniqueIdentifier>
    </Filter>
    <Filter Include="source\Thread\Class">
      <UniqueIdentifier>{fd361aa0-fc2c-42d0-a3d1-60d15226486e}</UniqueIdentifier>
    </Filter>
    <Filter Include="source\Thread\Class\kEvent">
      <UniqueIdentifier>{af38c085-0b06-4014-b682-53dae1a50d02}</UniqueIdentifier>
    </Filter>
    <Filter Include="source\Thread\Class\kMutex">
      <UniqueIdentifier>{a78a9cb9-b573-4bde-879b-e4b921946f11}</UniqueIdentifier>
    </Filter>
    <Filter Include="source\Thread\Class\kThread">
      <UniqueIdentifier>{05949c53-b40e-48d6-9ae4-877a1764877f}</UniqueIdentifier>
    </Filter>
    <Filter Include="source\Thread\Class\kThreadPool">
      <UniqueIdentifier>{af089f41-5308-4e63-a5db-7ea37609ffa1}</UniqueIdentifier>
    </Filter>
    <Filter Include="source\templateLib">
      <UniqueIdentifier>{64cedbf7-318f-409b-8b97-39acfe36e002}</UniqueIdentifier>
    </Filter>
    <Filter Include="source\GraphicsLib">
      <UniqueIdentifier>{7f484bd3-685b-4e30-92e2-46dfa2390e84}</UniqueIdentifier>
    </Filter>
    <Filter Include="source\GraphicsLib\Class">
      <UniqueIdentifier>{cd872f34-c3e5-45f4-9001-343ac16c6ce8}</UniqueIdentifier>
    </Filter>
    <Filter Include="source\GraphicsLib\Class\kDevice">
      <UniqueIdentifier>{290abc7d-b954-4b8e-b56a-a6705f179ff4}</UniqueIdentifier>
    </Filter>
    <Filter Include="source\GraphicsLib\Class\kGraphicsPipline">
      <UniqueIdentifier>{58c5be43-435c-44de-8ac1-b679f31435a3}</UniqueIdentifier>
    </Filter>
    <Filter Include="source\GraphicsLib\Class\kInputLayout">
      <UniqueIdentifier>{de195816-c505-4e21-9eb7-1ed73a4ded2d}</UniqueIdentifier>
    </Filter>
    <Filter Include="source\GraphicsLib\Class\kMesh">
      <UniqueIdentifier>{00dfacf1-39d4-4435-ae18-0798cef9edb6}</UniqueIdentifier>
    </Filter>
    <Filter Include="source\GraphicsLib\Class\kObjectBuffer">
      <UniqueIdentifier>{9febb3bb-33d3-43b3-90a2-ce57bb9a305c}</UniqueIdentifier>
    </Filter>
    <Filter Include="source\GraphicsLib\Class\kShader">
      <UniqueIdentifier>{a648c2bb-c4f8-4739-bf95-75354cbc9d99}</UniqueIdentifier>
    </Filter>
    <Filter Include="source\utility\Class">
      <UniqueIdentifier>{ce6e62ad-7303-40ec-acec-f754817b27b0}</UniqueIdentifier>
    </Filter>
    <Filter Include="source\utility\Class\kBufferAnalyze">
      <UniqueIdentifier>{f39e7c65-aca7-4e5e-a47e-64c037a6d514}</UniqueIdentifier>
    </Filter>
    <Filter Include="source\utility\Class\kTextAnalyze">
      <UniqueIdentifier>{ea9eabe9-9a78-4328-be1e-c614a8e9da69}</UniqueIdentifier>
    </Filter>
    <Filter Include="source\FrameWork">
      <UniqueIdentifier>{0142e54e-17e5-49f6-9dfa-2bc108117b9e}</UniqueIdentifier>
    </Filter>
    <Filter Include="source\FrameWork\Class">
      <UniqueIdentifier>{98973f78-dafd-4109-aac6-abaf41d5b842}</UniqueIdentifier>
    </Filter>
    <Filter Include="source\FrameWork\Class\IScene">
      <UniqueIdentifier>{f5b81245-4a45-4d0d-8358-a03da7f2626e}</UniqueIdentifier>
    </Filter>
    <Filter Include="source\FrameWork\Class\kFrameWork">
      <UniqueIdentifier>{6b5a6673-1260-4bd1-8dc0-62870930d350}</UniqueIdentifier>
    </Filter>
    <Filter Include="source\GraphicsLib\Class\kBlendState">
      <UniqueIdentifier>{601fb0a9-2734-4ae4-84b2-ebb6e5bbbbdf}</UniqueIdentifier>
    </Filter>
    <Filter Include="source\GraphicsLib\Class\kDepthStencilState">
      <UniqueIdentifier>{7c9e6ffe-0196-48b3-90be-001518d744ea}</UniqueIdentifier>
    </Filter>
    <Filter Include="source\GraphicsLib\Class\kRasterizerState">
      <UniqueIdentifier>{34e130b5-6759-471a-8153-345e27dbcf2b}</UniqueIdentifier>
    </Filter>
    <Filter Include="source\GraphicsLib\Class\r2DObj">
      <UniqueIdentifier>{ba43c65e-88b4-40e9-870f-59992fc910b4}</UniqueIdentifier>
    </Filter>
    <Filter Include="source\GraphicsLib\Class\rFrameBuffer">
      <UniqueIdentifier>{d757f001-25b6-409e-a4df-e45653dedde8}</UniqueIdentifier>
    </Filter>
    <Filter Include="source\Ueda">
      <UniqueIdentifier>{fff40339-2b5c-47fd-842e-97605bc05a8d}</UniqueIdentifier>
    </Filter>
    <Filter Include="source\GraphicsLib\Class\rTexture">
      <UniqueIdentifier>{4b8bdc7e-eae8-4597-aeb3-0e6c1ca299c8}</UniqueIdentifier>
    </Filter>
    <Filter Include="source\GraphicsLib\Class\tRenderState">
      <UniqueIdentifier>{8c4e7f65-e61c-4868-bbd2-8ab0fa099ae5}</UniqueIdentifier>
    </Filter>
    <Filter Include="source\GraphicsLib\Class\tIObject3D">
      <UniqueIdentifier>{a2bc6a23-5d21-4d2c-af42-6f3e731eb6fb}</UniqueIdentifier>
    </Filter>
    <Filter Include="source\GraphicsLib\Class\r2DObj\notUse">
      <UniqueIdentifier>{c7f8b7c2-ae40-48b3-8739-64193c5898a0}</UniqueIdentifier>
    </Filter>
    <Filter Include="source\Game">
      <UniqueIdentifier>{9b5b76e9-64ae-465e-bcc6-97303cae7b01}</UniqueIdentifier>
    </Filter>
    <Filter Include="source\Game\Bullet">
      <UniqueIdentifier>{d016ea27-fb10-4658-9f51-355a4e01e3c4}</UniqueIdentifier>
    </Filter>
    <Filter Include="source\Game\Gimmick">
      <UniqueIdentifier>{51e39112-686d-49f1-8cfd-264d6e3f864b}</UniqueIdentifier>
    </Filter>
    <Filter Include="source\DebugLib">
      <UniqueIdentifier>{c90cf632-1ccb-490c-b403-73e3f1b596bc}</UniqueIdentifier>
    </Filter>
    <Filter Include="source\EffectLib">
      <UniqueIdentifier>{a2262b9f-ae37-4551-a86c-da0bfce6dde3}</UniqueIdentifier>
    </Filter>
    <Filter Include="source\PlacementLib">
      <UniqueIdentifier>{b01513e8-a325-4024-ac7b-fa9c280dc076}</UniqueIdentifier>
    </Filter>
    <Filter Include="source\kaneta">
      <UniqueIdentifier>{1f754662-6004-442b-8a35-71c1bb98e4ab}</UniqueIdentifier>
    </Filter>
    <Filter Include="source\kaneta\ICharacter">
      <UniqueIdentifier>{e3d6f435-25be-45aa-9507-9592a1dcd1c4}</UniqueIdentifier>
    </Filter>
    <Filter Include="source\kaneta\ICamera">
      <UniqueIdentifier>{639a9a8d-7cd0-4b2f-9ca5-93013e1f8ae8}</UniqueIdentifier>
    </Filter>
    <Filter Include="source\GraphicsLib\Class\kPlane">
      <UniqueIdentifier>{821296e3-3a28-4cb6-836e-675f1a2cd925}</UniqueIdentifier>
    </Filter>
    <Filter Include="source\kaneta\ActionMediate">
      <UniqueIdentifier>{1f9d0c71-278d-4888-b7c3-e17efced1d68}</UniqueIdentifier>
    </Filter>
    <Filter Include="source\kaneta\ICharacter\Class">
      <UniqueIdentifier>{379c0e61-1c97-46fb-8887-2bc9481ae304}</UniqueIdentifier>
    </Filter>
    <Filter Include="source\kaneta\ICharacter\Class\ICharacter">
      <UniqueIdentifier>{d31858da-8fe1-4f9b-8fc7-06e09ec6099e}</UniqueIdentifier>
    </Filter>
    <Filter Include="source\kaneta\ICharacter\Class\ICharaStrategy">
      <UniqueIdentifier>{a6c09a58-a805-4fa1-805a-8723f92a8f51}</UniqueIdentifier>
    </Filter>
    <Filter Include="source\kaneta\ICharacter\Class\kPlayer">
      <UniqueIdentifier>{f4ff6a79-fbea-4562-9b44-c90396c7c9bb}</UniqueIdentifier>
    </Filter>
    <Filter Include="source\kaneta\ICharacter\Class\kPlayer\Strategy">
      <UniqueIdentifier>{ae8a69d8-cfe1-4752-8cf1-19e0de01bb9a}</UniqueIdentifier>
    </Filter>
    <Filter Include="source\kaneta\ICharacter\Class\kPlayer\Strategy\Move">
      <UniqueIdentifier>{3197edf4-7f58-4412-a198-bb5d5101210c}</UniqueIdentifier>
    </Filter>
    <Filter Include="source\kaneta\ICamera\Class">
      <UniqueIdentifier>{81709112-fb37-45ec-a562-e68d757b5e0d}</UniqueIdentifier>
    </Filter>
    <Filter Include="source\kaneta\ICamera\Class\ICamera">
      <UniqueIdentifier>{9c3b910c-026c-45cb-8a66-562a459a6bd8}</UniqueIdentifier>
    </Filter>
    <Filter Include="source\kaneta\ICamera\Class\kPlayCamera">
      <UniqueIdentifier>{337b49bf-4101-4620-ba16-a2493f221583}</UniqueIdentifier>
    </Filter>
    <Filter Include="source\Game\Gimmick\Type">
      <UniqueIdentifier>{3e72d155-ff6b-4a19-8d37-7cba38747a0c}</UniqueIdentifier>
    </Filter>
    <Filter Include="source\Game\Gimmick\Type\Explosion">
      <UniqueIdentifier>{09129276-3a54-4c36-b51e-f85c428a2f43}</UniqueIdentifier>
    </Filter>
    <Filter Include="source\Game\Gimmick\info">
      <UniqueIdentifier>{32047ea1-b7e1-49a8-96f6-6ee479786dfa}</UniqueIdentifier>
    </Filter>
    <Filter Include="source\Game\Gimmick\info\Mng">
      <UniqueIdentifier>{917b312d-c20c-45a7-862f-6a99a8d0344b}</UniqueIdentifier>
    </Filter>
    <Filter Include="source\Game\Gimmick\Type\Wind">
      <UniqueIdentifier>{51253006-7679-4254-abca-5d093261bdd4}</UniqueIdentifier>
    </Filter>
    <Filter Include="source\Game\Gimmick\Type\Fuse">
      <UniqueIdentifier>{546a74ae-8393-4c11-8b3a-ddf44084ea50}</UniqueIdentifier>
    </Filter>
    <Filter Include="source\Game\Gimmick\Type\FusePoint">
      <UniqueIdentifier>{1af85909-a7e6-4052-bf4c-1bc024be5691}</UniqueIdentifier>
    </Filter>
    <Filter Include="source\Game\Gimmick\IObject">
      <UniqueIdentifier>{afb32f68-68f5-4648-89b1-fc53f57451ab}</UniqueIdentifier>
    </Filter>
    <Filter Include="source\Game\Stage">
      <UniqueIdentifier>{fd51d073-649d-452f-9c6a-9ec24caf2397}</UniqueIdentifier>
    </Filter>
    <Filter Include="source\Game\CommonPipeline">
      <UniqueIdentifier>{5a298504-edd6-4bc2-a085-a4c5b204f90a}</UniqueIdentifier>
    </Filter>
    <Filter Include="source\kaneta\ICharacter\Class\kPlayer\Strategy\Shot">
      <UniqueIdentifier>{caef642e-71dc-47c8-87d0-0ed32c5d4664}</UniqueIdentifier>
    </Filter>
    <Filter Include="source\kaneta\ICamera\Class\kPlayCamera2">
      <UniqueIdentifier>{dcdd91f6-af9f-4580-8bfb-7c90ac45bad7}</UniqueIdentifier>
    </Filter>
    <Filter Include="source\kaneta\ICamera\Class\kShotCamera">
      <UniqueIdentifier>{31c80fed-2f81-4971-9a38-5b8af57ea5bd}</UniqueIdentifier>
    </Filter>
  </ItemGroup>
  <ItemGroup>
    <ClCompile Include="CppSource\main.cpp">
      <Filter>source</Filter>
    </ClCompile>
    <ClCompile Include="CppSource\math\Class\Matrix\Matrix.cpp">
      <Filter>source\Math\Class\Matrix</Filter>
    </ClCompile>
    <ClCompile Include="CppSource\math\Class\Quaternion\Quaternion.cpp">
      <Filter>source\Math\Class\Quaternion</Filter>
    </ClCompile>
    <ClCompile Include="CppSource\math\Class\Vector\Vector2.cpp">
      <Filter>source\Math\Class\Vector</Filter>
    </ClCompile>
    <ClCompile Include="CppSource\math\Class\Vector\Vector3.cpp">
      <Filter>source\Math\Class\Vector</Filter>
    </ClCompile>
    <ClCompile Include="CppSource\math\Class\Vector\Vector4.cpp">
      <Filter>source\Math\Class\Vector</Filter>
    </ClCompile>
    <ClCompile Include="CppSource\utility\assetsLoader.cpp">
      <Filter>source\utility</Filter>
    </ClCompile>
    <ClCompile Include="CppSource\utility\utility.cpp">
      <Filter>source\utility</Filter>
    </ClCompile>
    <ClCompile Include="CppSource\sound\notUse\mlsound.cpp">
      <Filter>source\Sound\notUse</Filter>
    </ClCompile>
    <ClCompile Include="CppSource\sound\notUse\OpenSLES.cpp">
      <Filter>source\Sound\notUse</Filter>
    </ClCompile>
    <ClCompile Include="CppSource\sound\notUse\waveLoader.cpp">
      <Filter>source\Sound\notUse</Filter>
    </ClCompile>
    <ClCompile Include="CppSource\input\notUse\Input.cpp">
      <Filter>source\Input\notUse</Filter>
    </ClCompile>
    <ClCompile Include="CppSource\utility\textLoader.cpp">
      <Filter>source\utility</Filter>
    </ClCompile>
    <ClCompile Include="CppSource\utility\debugMessageMng.cpp">
      <Filter>source\utility</Filter>
    </ClCompile>
    <ClCompile Include="CppSource\Thread\Class\kEvent\kEventUNIX.cpp">
      <Filter>source\Thread\Class\kEvent</Filter>
    </ClCompile>
    <ClCompile Include="CppSource\Thread\Class\kEvent\kEventWIN32.cpp">
      <Filter>source\Thread\Class\kEvent</Filter>
    </ClCompile>
    <ClCompile Include="CppSource\Thread\Class\kMutex\kMutexUNIX.cpp">
      <Filter>source\Thread\Class\kMutex</Filter>
    </ClCompile>
    <ClCompile Include="CppSource\Thread\Class\kMutex\kMutexWIN32.cpp">
      <Filter>source\Thread\Class\kMutex</Filter>
    </ClCompile>
    <ClCompile Include="CppSource\Thread\Class\kThreadPool\kThreadPool.cpp">
      <Filter>source\Thread\Class\kThreadPool</Filter>
    </ClCompile>
    <ClCompile Include="CppSource\Thread\Class\kThreadPool\kThreadWorkerUNIX.cpp">
      <Filter>source\Thread\Class\kThreadPool</Filter>
    </ClCompile>
    <ClCompile Include="CppSource\Thread\Class\kThreadPool\kThreadWorkerWIN32.cpp">
      <Filter>source\Thread\Class\kThreadPool</Filter>
    </ClCompile>
    <ClCompile Include="CppSource\GraphicsLib\Class\kGraphicsPipline\kGraphicsPipline.cpp">
      <Filter>source\GraphicsLib\Class\kGraphicsPipline</Filter>
    </ClCompile>
    <ClCompile Include="CppSource\utility\Class\kBufferAnalyze\kBufferAnalyze.cpp">
      <Filter>source\utility\Class\kBufferAnalyze</Filter>
    </ClCompile>
    <ClCompile Include="CppSource\utility\Class\kTextAnalyze\kTextAnalyze.cpp">
      <Filter>source\utility\Class\kTextAnalyze</Filter>
    </ClCompile>
    <ClCompile Include="CppSource\sound\notUse\mlSoundStream.cpp">
      <Filter>source\Sound\notUse</Filter>
    </ClCompile>
    <ClCompile Include="CppSource\sound\notUse\StreamingSource.cpp">
      <Filter>source\Sound\notUse</Filter>
    </ClCompile>
    <ClCompile Include="CppSource\GraphicsLib\Class\kMesh\kMesh.cpp">
      <Filter>source\GraphicsLib\Class\kMesh</Filter>
    </ClCompile>
    <ClCompile Include="CppSource\GraphicsLib\Class\kDevice\kDevice.cpp">
      <Filter>source\GraphicsLib\Class\kDevice</Filter>
    </ClCompile>
    <ClCompile Include="CppSource\Ueda\rTestScene.cpp">
      <Filter>source\Ueda</Filter>
    </ClCompile>
    <ClCompile Include="CppSource\input\notUse\AnalogStick.cpp">
      <Filter>source\Input\notUse</Filter>
    </ClCompile>
    <ClCompile Include="CppSource\input\notUse\Button.cpp">
      <Filter>source\Input\notUse</Filter>
    </ClCompile>
    <ClCompile Include="CppSource\GraphicsLib\Class\rTexture\Texture.cpp">
      <Filter>source\GraphicsLib\Class\rTexture</Filter>
    </ClCompile>
    <ClCompile Include="CppSource\GraphicsLib\Class\tRenderState\RenderLib.cpp">
      <Filter>source\GraphicsLib\Class\tRenderState</Filter>
    </ClCompile>
    <ClCompile Include="CppSource\GraphicsLib\Class\tIObject3D\Object3D.cpp">
      <Filter>source\GraphicsLib\Class\tIObject3D</Filter>
    </ClCompile>
    <ClCompile Include="CppSource\GraphicsLib\Class\r2DObj\notUse\r2DObj.cpp">
      <Filter>source\GraphicsLib\Class\r2DObj\notUse</Filter>
    </ClCompile>
    <ClCompile Include="CppSource\GraphicsLib\Class\r2DObj\notUse\r2DRenderer.cpp">
      <Filter>source\GraphicsLib\Class\r2DObj\notUse</Filter>
    </ClCompile>
    <ClCompile Include="CppSource\GraphicsLib\Class\rFrameBufer\rFrameBuffer.cpp">
      <Filter>source\GraphicsLib\Class\rFrameBuffer</Filter>
    </ClCompile>
    <ClCompile Include="CppSource\Game\Bullet\Bullet.cpp">
      <Filter>source\Game\Bullet</Filter>
    </ClCompile>
    <ClCompile Include="CppSource\Game\Gimmick\Gimmick.cpp">
      <Filter>source\Game\Gimmick</Filter>
    </ClCompile>
    <ClCompile Include="CppSource\DebugLib\teDebug.cpp">
      <Filter>source\DebugLib</Filter>
    </ClCompile>
    <ClCompile Include="CppSource\EffectLib\teParticle.cpp">
      <Filter>source\EffectLib</Filter>
    </ClCompile>
    <ClCompile Include="CppSource\EffectLib\teEffect.cpp">
      <Filter>source\EffectLib</Filter>
    </ClCompile>
    <ClCompile Include="CppSource\EffectLib\teEffectItem.cpp">
      <Filter>source\EffectLib</Filter>
    </ClCompile>
    <ClCompile Include="CppSource\EffectLib\teEmitter.cpp">
      <Filter>source\EffectLib</Filter>
    </ClCompile>
    <ClCompile Include="CppSource\EffectLib\teEmitterSet.cpp">
      <Filter>source\EffectLib</Filter>
    </ClCompile>
    <ClCompile Include="CppSource\EffectLib\ShaderManager.cpp">
      <Filter>source\EffectLib</Filter>
    </ClCompile>
    <ClCompile Include="CppSource\EffectLib\Shader.cpp">
      <Filter>source\EffectLib</Filter>
    </ClCompile>
    <ClCompile Include="CppSource\PlacementLib\tePlacement.cpp">
      <Filter>source\PlacementLib</Filter>
    </ClCompile>
    <ClCompile Include="CppSource\utility\FolderPathManager.cpp">
      <Filter>source\utility</Filter>
    </ClCompile>
    <ClCompile Include="CppSource\Game\SaveManager.cpp">
      <Filter>source\Game</Filter>
    </ClCompile>
    <ClCompile Include="CppSource\utility\Bitmap.cpp">
      <Filter>source\utility</Filter>
    </ClCompile>
    <ClCompile Include="CppSource\utility\textWriter.cpp">
      <Filter>source\utility</Filter>
    </ClCompile>
    <ClCompile Include="CppSource\GraphicsLib\Class\kPlane\kPlane.cpp">
      <Filter>source\GraphicsLib\Class\kPlane</Filter>
    </ClCompile>
    <ClCompile Include="CppSource\kaneta\ActionMediate\ActionMediate.cpp">
      <Filter>source\kaneta\ActionMediate</Filter>
    </ClCompile>
    <ClCompile Include="CppSource\kaneta\ICharacter\Class\kPlayer\Strategy\Move\kPlayerMove.cpp">
      <Filter>source\kaneta\ICharacter\Class\kPlayer\Strategy\Move</Filter>
    </ClCompile>
    <ClCompile Include="CppSource\kaneta\ICamera\Class\ICamera\ICamera.cpp">
      <Filter>source\kaneta\ICamera\Class\ICamera</Filter>
    </ClCompile>
    <ClCompile Include="CppSource\kaneta\ICamera\Class\kPlayCamera\kPlayCamera.cpp">
      <Filter>source\kaneta\ICamera\Class\kPlayCamera</Filter>
    </ClCompile>
    <ClCompile Include="CppSource\kaneta\ICharacter\Class\ICharacter\ICharacter.cpp">
      <Filter>source\kaneta\ICharacter\Class\ICharacter</Filter>
    </ClCompile>
    <ClCompile Include="CppSource\kaneta\ICharacter\Class\ICharaStrategy\ICharaStrategy.cpp">
      <Filter>source\kaneta\ICharacter\Class\ICharaStrategy</Filter>
    </ClCompile>
    <ClCompile Include="CppSource\kaneta\ICharacter\Class\kPlayer\kPlayer.cpp">
      <Filter>source\kaneta\ICharacter\Class\kPlayer</Filter>
    </ClCompile>
    <ClCompile Include="CppSource\Game\Gimmick\GimmickInfo.cpp">
      <Filter>source\Game\Gimmick\info</Filter>
    </ClCompile>
    <ClCompile Include="CppSource\Game\Gimmick\GimmickInfoManager.cpp">
      <Filter>source\Game\Gimmick\info\Mng</Filter>
    </ClCompile>
    <ClCompile Include="CppSource\Game\Gimmick\GExplosion.cpp">
      <Filter>source\Game\Gimmick\Type\Explosion</Filter>
    </ClCompile>
    <ClCompile Include="CppSource\Game\Gimmick\IGimmick.cpp">
      <Filter>source\Game\Gimmick\Type</Filter>
    </ClCompile>
    <ClCompile Include="CppSource\Game\Gimmick\Wind.cpp">
      <Filter>source\Game\Gimmick\Type\Wind</Filter>
    </ClCompile>
    <ClCompile Include="CppSource\Game\Gimmick\Fuse.cpp">
      <Filter>source\Game\Gimmick\Type\Fuse</Filter>
    </ClCompile>
    <ClCompile Include="CppSource\Game\Gimmick\FusePoint.cpp">
      <Filter>source\Game\Gimmick\Type\FusePoint</Filter>
    </ClCompile>
    <ClCompile Include="CppSource\Game\Stage\Stage.cpp">
      <Filter>source\Game\Stage</Filter>
    </ClCompile>
    <ClCompile Include="CppSource\Game\CommonPipeline\GameCommonPipeline.cpp">
      <Filter>source\Game\CommonPipeline</Filter>
    </ClCompile>
    <ClCompile Include="CppSource\kaneta\ICharacter\Class\kPlayer\Strategy\Shot\kPlayerShot.cpp">
      <Filter>source\kaneta\ICharacter\Class\kPlayer\Strategy\Shot</Filter>
    </ClCompile>
    <ClCompile Include="CppSource\kaneta\ICamera\Class\kPlayCamera2\kPlayCamera2.cpp">
      <Filter>source\kaneta\ICamera\Class\kPlayCamera2</Filter>
    </ClCompile>
    <ClCompile Include="CppSource\kaneta\ICamera\Class\kShotCamera\kShotCamera.cpp">
      <Filter>source\kaneta\ICamera\Class\kShotCamera</Filter>
    </ClCompile>
  </ItemGroup>
  <ItemGroup>
    <ClInclude Include="CppSource\math\kmathf.h">
      <Filter>source\Math</Filter>
    </ClInclude>
    <ClInclude Include="CppSource\math\Class\Matrix\Matrix.h">
      <Filter>source\Math\Class\Matrix</Filter>
    </ClInclude>
    <ClInclude Include="CppSource\math\Class\Quaternion\Quaternion.h">
      <Filter>source\Math\Class\Quaternion</Filter>
    </ClInclude>
    <ClInclude Include="CppSource\math\Class\Vector\Vector.h">
      <Filter>source\Math\Class\Vector</Filter>
    </ClInclude>
    <ClInclude Include="CppSource\defines.h">
      <Filter>source</Filter>
    </ClInclude>
    <ClInclude Include="CppSource\types.h">
      <Filter>source</Filter>
    </ClInclude>
    <ClInclude Include="CppSource\StandardLib\SmartPointer.h">
      <Filter>source\StandardLib</Filter>
    </ClInclude>
    <ClInclude Include="CppSource\StandardLib\Singleton.h">
      <Filter>source\StandardLib</Filter>
    </ClInclude>
    <ClInclude Include="CppSource\sound\mlsound.h">
      <Filter>source\Sound</Filter>
    </ClInclude>
    <ClInclude Include="CppSource\sound\waveLoader.h">
      <Filter>source\Sound</Filter>
    </ClInclude>
    <ClInclude Include="CppSource\utility\assetsLoader.h">
      <Filter>source\utility</Filter>
    </ClInclude>
    <ClInclude Include="CppSource\utility\utility.h">
      <Filter>source\utility</Filter>
    </ClInclude>
    <ClInclude Include="CppSource\sound\notUse\OpenSLES.h">
      <Filter>source\Sound\notUse</Filter>
    </ClInclude>
    <ClInclude Include="CppSource\input\Input.h">
      <Filter>source\Input</Filter>
    </ClInclude>
    <ClInclude Include="CppSource\utility\textLoader.h">
      <Filter>source\utility</Filter>
    </ClInclude>
    <ClInclude Include="CppSource\utility\debugMessageMng.h">
      <Filter>source\utility</Filter>
    </ClInclude>
    <ClInclude Include="CppSource\Thread\Class\kEvent\kEvent.h">
      <Filter>source\Thread\Class\kEvent</Filter>
    </ClInclude>
    <ClInclude Include="CppSource\Thread\Class\kMutex\kMutex.h">
      <Filter>source\Thread\Class\kMutex</Filter>
    </ClInclude>
    <ClInclude Include="CppSource\Thread\Class\kThread\kThread.h">
      <Filter>source\Thread\Class\kThread</Filter>
    </ClInclude>
    <ClInclude Include="CppSource\Thread\Class\kThreadPool\kThreadPool.h">
      <Filter>source\Thread\Class\kThreadPool</Filter>
    </ClInclude>
    <ClInclude Include="CppSource\GraphicsLib\Class\kGraphicsPipline\kGraphicsPipline.h">
      <Filter>source\GraphicsLib\Class\kGraphicsPipline</Filter>
    </ClInclude>
    <ClInclude Include="CppSource\GraphicsLib\Class\kInputLayout\kInputLayout.h">
      <Filter>source\GraphicsLib\Class\kInputLayout</Filter>
    </ClInclude>
    <ClInclude Include="CppSource\GraphicsLib\Class\kObjectBuffer\kObjectBuffer.h">
      <Filter>source\GraphicsLib\Class\kObjectBuffer</Filter>
    </ClInclude>
    <ClInclude Include="CppSource\GraphicsLib\Class\kShader\kShader.h">
      <Filter>source\GraphicsLib\Class\kShader</Filter>
    </ClInclude>
    <ClInclude Include="CppSource\templateLib\kFuncHolderDecl.h">
      <Filter>source\templateLib</Filter>
    </ClInclude>
    <ClInclude Include="CppSource\templateLib\kHash.h">
      <Filter>source\templateLib</Filter>
    </ClInclude>
    <ClInclude Include="CppSource\templateLib\kQueue.h">
      <Filter>source\templateLib</Filter>
    </ClInclude>
    <ClInclude Include="CppSource\templateLib\kVector.h">
      <Filter>source\templateLib</Filter>
    </ClInclude>
    <ClInclude Include="CppSource\templateLib\pImpl.h">
      <Filter>source\templateLib</Filter>
    </ClInclude>
    <ClInclude Include="CppSource\templateLib\smartptr.h">
      <Filter>source\templateLib</Filter>
    </ClInclude>
    <ClInclude Include="CppSource\templateLib\kFuncHolder.h">
      <Filter>source\templateLib</Filter>
    </ClInclude>
    <ClInclude Include="CppSource\utility\Class\kBufferAnalyze\kBufferAnalyze.h">
      <Filter>source\utility\Class\kBufferAnalyze</Filter>
    </ClInclude>
    <ClInclude Include="CppSource\utility\Class\kTextAnalyze\kTextAnalyze.h">
      <Filter>source\utility\Class\kTextAnalyze</Filter>
    </ClInclude>
    <ClInclude Include="CppSource\utility\kutility.h">
      <Filter>source\utility</Filter>
    </ClInclude>
    <ClInclude Include="CppSource\templateLib\kSingleton.h">
      <Filter>source\templateLib</Filter>
    </ClInclude>
    <ClInclude Include="CppSource\FrameWork\Class\IScene\IScene.h">
      <Filter>source\FrameWork\Class\IScene</Filter>
    </ClInclude>
    <ClInclude Include="CppSource\FrameWork\Class\kFrameWork\kFrameWork.h">
      <Filter>source\FrameWork\Class\kFrameWork</Filter>
    </ClInclude>
    <ClInclude Include="CppSource\sound\notUse\mlSoundDefine.h">
      <Filter>source\Sound\notUse</Filter>
    </ClInclude>
    <ClInclude Include="CppSource\sound\notUse\mlSoundStream.h">
      <Filter>source\Sound\notUse</Filter>
    </ClInclude>
    <ClInclude Include="CppSource\sound\StreamingSource.h">
      <Filter>source\Sound</Filter>
    </ClInclude>
    <ClInclude Include="CppSource\utility\SinglyLinkedList.h">
      <Filter>source\utility</Filter>
    </ClInclude>
    <ClInclude Include="CppSource\main.h">
      <Filter>source</Filter>
    </ClInclude>
    <ClInclude Include="CppSource\GraphicsLib\Class\kMesh\IMeshLoadDelegate.h">
      <Filter>source\GraphicsLib\Class\kMesh</Filter>
    </ClInclude>
    <ClInclude Include="CppSource\GraphicsLib\Class\kMesh\IMeshRenderDelegate.h">
      <Filter>source\GraphicsLib\Class\kMesh</Filter>
    </ClInclude>
    <ClInclude Include="CppSource\GraphicsLib\Class\kMesh\kMesh.h">
      <Filter>source\GraphicsLib\Class\kMesh</Filter>
    </ClInclude>
    <ClInclude Include="CppSource\GraphicsLib\Class\kMesh\kMeshGLES20Render.h">
      <Filter>source\GraphicsLib\Class\kMesh</Filter>
    </ClInclude>
    <ClInclude Include="CppSource\GraphicsLib\Class\kMesh\kMeshLoadIEM.h">
      <Filter>source\GraphicsLib\Class\kMesh</Filter>
    </ClInclude>
    <ClInclude Include="CppSource\GraphicsLib\Class\kMesh\kMeshLoadIMO.h">
      <Filter>source\GraphicsLib\Class\kMesh</Filter>
    </ClInclude>
    <ClInclude Include="CppSource\GraphicsLib\Class\kDevice\kDevice.h">
      <Filter>source\GraphicsLib\Class\kDevice</Filter>
    </ClInclude>
    <ClInclude Include="CppSource\testScene.h">
      <Filter>source</Filter>
    </ClInclude>
    <ClInclude Include="CppSource\GraphicsLib\Class\kBlendState\kBlendState.h">
      <Filter>source\GraphicsLib\Class\kBlendState</Filter>
    </ClInclude>
    <ClInclude Include="CppSource\GraphicsLib\Class\kDepthStencilState\kDepthStencilState.h">
      <Filter>source\GraphicsLib\Class\kDepthStencilState</Filter>
    </ClInclude>
    <ClInclude Include="CppSource\GraphicsLib\Class\kRasterizerState\kRasterizerState.h">
      <Filter>source\GraphicsLib\Class\kRasterizerState</Filter>
    </ClInclude>
    <ClInclude Include="CppSource\GraphicsLib\Class\r2DObj\r2DObj.h">
      <Filter>source\GraphicsLib\Class\r2DObj</Filter>
    </ClInclude>
    <ClInclude Include="CppSource\Ueda\rTestScene.h">
      <Filter>source\Ueda</Filter>
    </ClInclude>
    <ClInclude Include="CppSource\input\AnalogStick.h">
      <Filter>source\Input</Filter>
    </ClInclude>
    <ClInclude Include="CppSource\input\Button.h">
      <Filter>source\Input</Filter>
    </ClInclude>
    <ClInclude Include="CppSource\input\notUse\IButton.h">
      <Filter>source\Input\notUse</Filter>
    </ClInclude>
    <ClInclude Include="CppSource\GraphicsLib\Class\rTexture\Texture.h">
      <Filter>source\GraphicsLib\Class\rTexture</Filter>
    </ClInclude>
    <ClInclude Include="CppSource\GraphicsLib\Class\tRenderState\RenderState.h">
      <Filter>source\GraphicsLib\Class\tRenderState</Filter>
    </ClInclude>
    <ClInclude Include="CppSource\GraphicsLib\Class\tIObject3D\Object3D.h">
      <Filter>source\GraphicsLib\Class\tIObject3D</Filter>
    </ClInclude>
    <ClInclude Include="CppSource\GraphicsLib\Class\r2DObj\r2DRenderer.h">
      <Filter>source\GraphicsLib\Class\r2DObj</Filter>
    </ClInclude>
    <ClInclude Include="CppSource\GraphicsLib\Class\rFrameBufer\rFrameBuffer.h">
      <Filter>source\GraphicsLib\Class\rFrameBuffer</Filter>
    </ClInclude>
    <ClInclude Include="CppSource\Game\Bullet\Bullet.h">
      <Filter>source\Game\Bullet</Filter>
    </ClInclude>
    <ClInclude Include="CppSource\Game\IObject\IObject.h">
      <Filter>source\Game\Gimmick\IObject</Filter>
    </ClInclude>
    <ClInclude Include="CppSource\Game\Gimmick\Gimmick.h">
      <Filter>source\Game\Gimmick</Filter>
    </ClInclude>
    <ClInclude Include="CppSource\DebugLib\Debug.h">
      <Filter>source\DebugLib</Filter>
    </ClInclude>
    <ClInclude Include="CppSource\EffectLib\Particle.h">
      <Filter>source\EffectLib</Filter>
    </ClInclude>
    <ClInclude Include="CppSource\EffectLib\Effect.h">
      <Filter>source\EffectLib</Filter>
    </ClInclude>
    <ClInclude Include="CppSource\EffectLib\Emitter.h">
      <Filter>source\EffectLib</Filter>
    </ClInclude>
    <ClInclude Include="CppSource\EffectLib\EmitterSet.h">
      <Filter>source\EffectLib</Filter>
    </ClInclude>
    <ClInclude Include="CppSource\EffectLib\Item.h">
      <Filter>source\EffectLib</Filter>
    </ClInclude>
    <ClInclude Include="CppSource\EffectLib\ShaderManager.h">
      <Filter>source\EffectLib</Filter>
    </ClInclude>
    <ClInclude Include="CppSource\EffectLib\Shader.h">
      <Filter>source\EffectLib</Filter>
    </ClInclude>
    <ClInclude Include="CppSource\PlacementLib\Placement.h">
      <Filter>source\PlacementLib</Filter>
    </ClInclude>
    <ClInclude Include="CppSource\utility\FolderPathManager.h">
      <Filter>source\utility</Filter>
    </ClInclude>
    <ClInclude Include="CppSource\Game\SaveManager.h">
      <Filter>source\Game</Filter>
    </ClInclude>
    <ClInclude Include="CppSource\utility\Bitmap.h">
      <Filter>source\utility</Filter>
    </ClInclude>
    <ClInclude Include="CppSource\utility\textWriter.h">
      <Filter>source\utility</Filter>
    </ClInclude>
    <ClInclude Include="CppSource\GraphicsLib\Class\kPlane\kPlane.h">
      <Filter>source\GraphicsLib\Class\kPlane</Filter>
    </ClInclude>
    <ClInclude Include="CppSource\kaneta\ActionMediate\ActionMediate.h">
      <Filter>source\kaneta\ActionMediate</Filter>
    </ClInclude>
    <ClInclude Include="CppSource\kaneta\ICharacter\Class\kPlayer\Strategy\Move\kPlayerMove.h">
      <Filter>source\kaneta\ICharacter\Class\kPlayer\Strategy\Move</Filter>
    </ClInclude>
    <ClInclude Include="CppSource\kaneta\ICamera\Class\ICamera\ICamera.h">
      <Filter>source\kaneta\ICamera\Class\ICamera</Filter>
    </ClInclude>
    <ClInclude Include="CppSource\kaneta\ICamera\Class\kPlayCamera\kPlayCamera.h">
      <Filter>source\kaneta\ICamera\Class\kPlayCamera</Filter>
    </ClInclude>
    <ClInclude Include="CppSource\kaneta\ICharacter\Class\ICharacter\ICharacter.h">
      <Filter>source\kaneta\ICharacter\Class\ICharacter</Filter>
    </ClInclude>
    <ClInclude Include="CppSource\kaneta\ICharacter\Class\ICharaStrategy\ICharaStrategy.h">
      <Filter>source\kaneta\ICharacter\Class\ICharaStrategy</Filter>
    </ClInclude>
    <ClInclude Include="CppSource\kaneta\ICharacter\Class\kPlayer\kPlayer.h">
      <Filter>source\kaneta\ICharacter\Class\kPlayer</Filter>
    </ClInclude>
    <ClInclude Include="CppSource\Game\Gimmick\GimmickInfo.h">
      <Filter>source\Game\Gimmick\info</Filter>
    </ClInclude>
    <ClInclude Include="CppSource\Game\Gimmick\GimmickInfoManager.h">
      <Filter>source\Game\Gimmick\info\Mng</Filter>
    </ClInclude>
    <ClInclude Include="CppSource\Game\Gimmick\GExplosion.h">
      <Filter>source\Game\Gimmick\Type\Explosion</Filter>
    </ClInclude>
    <ClInclude Include="CppSource\Game\Gimmick\IGimmick.h">
      <Filter>source\Game\Gimmick\Type</Filter>
    </ClInclude>
    <ClInclude Include="CppSource\Game\Gimmick\Wind.h">
      <Filter>source\Game\Gimmick\Type\Wind</Filter>
    </ClInclude>
    <ClInclude Include="CppSource\Game\Gimmick\Fuse.h">
      <Filter>source\Game\Gimmick\Type\Fuse</Filter>
    </ClInclude>
    <ClInclude Include="CppSource\Game\Gimmick\FusePoint.h">
      <Filter>source\Game\Gimmick\Type\FusePoint</Filter>
    </ClInclude>
    <ClInclude Include="CppSource\Game\Stage\Stage.h">
      <Filter>source\Game\Stage</Filter>
    </ClInclude>
    <ClInclude Include="CppSource\Game\CommonPipeline\GameCommonPipeline.h">
      <Filter>source\Game\CommonPipeline</Filter>
    </ClInclude>
    <ClInclude Include="CppSource\kaneta\ICharacter\Class\kPlayer\Strategy\Shot\kPlayerShot.h">
      <Filter>source\kaneta\ICharacter\Class\kPlayer\Strategy\Shot</Filter>
    </ClInclude>
    <ClInclude Include="CppSource\kaneta\ICamera\Class\kPlayCamera2\kPlayCamera2.h">
      <Filter>source\kaneta\ICamera\Class\kPlayCamera2</Filter>
    </ClInclude>
    <ClInclude Include="CppSource\kaneta\ICamera\Class\kShotCamera\kShotCamera.h">
      <Filter>source\kaneta\ICamera\Class\kShotCamera</Filter>
    </ClInclude>
  </ItemGroup>
</Project>